
Microsoft Visual Studio Solution File, Format Version 12.00
# Visual Studio Version 16
VisualStudioVersion = 16.0.30907.101
MinimumVisualStudioVersion = 10.0.40219.1
Project("{FAE04EC0-301F-11D3-BF4B-00C04F79EFBC}") = "UserAvatar.API", "UserAvatar.API\UserAvatar.API.csproj", "{F5F35374-5195-4F1C-9E4F-123F6C3337F9}"
EndProject
Project("{FAE04EC0-301F-11D3-BF4B-00C04F79EFBC}") = "UserAvatar.BLL", "UserAvatar.BLL\UserAvatar.BLL.csproj", "{674C392F-97E5-428C-8808-72855A610C39}"
EndProject
Project("{FAE04EC0-301F-11D3-BF4B-00C04F79EFBC}") = "UserAvatar.DAL", "UserAvatar.DAL\UserAvatar.DAL.csproj", "{891A6191-08EF-454E-AD66-AD06CC2ACC23}"
EndProject
Global
	GlobalSection(SolutionConfigurationPlatforms) = preSolution
		Debug|Any CPU = Debug|Any CPU
		Release|Any CPU = Release|Any CPU
	EndGlobalSection
	GlobalSection(ProjectConfigurationPlatforms) = postSolution
		{F5F35374-5195-4F1C-9E4F-123F6C3337F9}.Debug|Any CPU.ActiveCfg = Debug|Any CPU
		{F5F35374-5195-4F1C-9E4F-123F6C3337F9}.Debug|Any CPU.Build.0 = Debug|Any CPU
		{F5F35374-5195-4F1C-9E4F-123F6C3337F9}.Release|Any CPU.ActiveCfg = Release|Any CPU
		{F5F35374-5195-4F1C-9E4F-123F6C3337F9}.Release|Any CPU.Build.0 = Release|Any CPU
		{674C392F-97E5-428C-8808-72855A610C39}.Debug|Any CPU.ActiveCfg = Debug|Any CPU
		{674C392F-97E5-428C-8808-72855A610C39}.Debug|Any CPU.Build.0 = Debug|Any CPU
		{674C392F-97E5-428C-8808-72855A610C39}.Release|Any CPU.ActiveCfg = Release|Any CPU
		{674C392F-97E5-428C-8808-72855A610C39}.Release|Any CPU.Build.0 = Release|Any CPU
		{891A6191-08EF-454E-AD66-AD06CC2ACC23}.Debug|Any CPU.ActiveCfg = Debug|Any CPU
		{891A6191-08EF-454E-AD66-AD06CC2ACC23}.Debug|Any CPU.Build.0 = Debug|Any CPU
		{891A6191-08EF-454E-AD66-AD06CC2ACC23}.Release|Any CPU.ActiveCfg = Release|Any CPU
		{891A6191-08EF-454E-AD66-AD06CC2ACC23}.Release|Any CPU.Build.0 = Release|Any CPU
	EndGlobalSection
	GlobalSection(SolutionProperties) = preSolution
		HideSolutionNode = FALSE
	EndGlobalSection
	GlobalSection(ExtensibilityGlobals) = postSolution
		SolutionGuid = {3030302E-3841-44B7-8C4B-E6BC7DDA5236}
	EndGlobalSection
EndGlobal
